{
  "name": "dxp-sap-edition-abapgit-extension",
  "version": "1.0.5",
  "lockfileVersion": 2,
  "requires": true,
  "packages": {
    "": {
      "name": "dxp-sap-edition-abapgit-extension",
      "version": "1.0.5",
      "license": "ISC",
      "devDependencies": {
        "@abaplint/cli": "^2.115.2"
      }
    },
    "node_modules/@abaplint/cli": {
      "version": "2.115.2",
      "resolved": "https://registry.npmjs.org/@abaplint/cli/-/cli-2.115.2.tgz",
      "integrity": "sha512-9XCs44FDb1SNYluKNRTDCR2Bw10sekbLy8/o5KqrG31Llg88C8ZKAnzOZKhH82PZbrCcRLhO0Frnv1yyXYSTZw==",
      "dev": true,
      "license": "MIT",
      "bin": {
        "abaplint": "abaplint"
      },
      "engines": {
        "node": ">=12.0.0"
      },
      "funding": {
        "url": "https://github.com/sponsors/larshp"
      }
    }
  },
  "dependencies": {
    "@abaplint/cli": {
      "version": "2.115.2",
      "resolved": "https://registry.npmjs.org/@abaplint/cli/-/cli-2.115.2.tgz",
      "integrity": "sha512-9XCs44FDb1SNYluKNRTDCR2Bw10sekbLy8/o5KqrG31Llg88C8ZKAnzOZKhH82PZbrCcRLhO0Frnv1yyXYSTZw==",
      "dev": true
    }
  }
}
